
Microsoft Visual Studio Solution File, Format Version 12.00
# Visual Studio 15
VisualStudioVersion = 15.0.27703.2042
MinimumVisualStudioVersion = 10.0.40219.1
Project("{2150E333-8FDC-42A3-9474-1A3956D46DE8}") = "Item 01 serializacao", "Item 01 serializacao", "{DD467373-BF0D-4BDD-9AEF-01F2A2241686}"
EndProject
Project("{2150E333-8FDC-42A3-9474-1A3956D46DE8}") = "Item 02 colecoes", "Item 02 colecoes", "{AF715DF9-49AD-4C7D-B28D-5178530C0299}"
EndProject
Project("{2150E333-8FDC-42A3-9474-1A3956D46DE8}") = "01.03 binaria", "01.03 binaria", "{02570EE9-A80C-4B20-8E6D-FA11D9D9770D}"
EndProject
Project("{2150E333-8FDC-42A3-9474-1A3956D46DE8}") = "01.05 personalizada", "01.05 personalizada", "{1A6B4B2E-A6EE-4E3F-9FDA-954E52EA3F48}"
EndProject
Project("{2150E333-8FDC-42A3-9474-1A3956D46DE8}") = "01.01 xml", "01.01 xml", "{F83DBB59-72E9-4E77-B4D6-C8644198FAF6}"
EndProject
Project("{2150E333-8FDC-42A3-9474-1A3956D46DE8}") = "01.02 json", "01.02 json", "{B2CDE0CE-99AF-4F85-85F3-9BB3CB3590F6}"
EndProject
Project("{2150E333-8FDC-42A3-9474-1A3956D46DE8}") = "01.04 contrato", "01.04 contrato", "{524688AC-D4EA-4578-B1B3-3AF7D33C5E90}"
EndProject
Project("{2150E333-8FDC-42A3-9474-1A3956D46DE8}") = "02.04 dicionarios", "02.04 dicionarios", "{E67CCB24-7E99-4213-BC1A-17011C5FF954}"
EndProject
Project("{2150E333-8FDC-42A3-9474-1A3956D46DE8}") = "02.01 matrizes", "02.01 matrizes", "{B526B5C7-7E62-4193-BDAB-C248B04F19FD}"
EndProject
Project("{2150E333-8FDC-42A3-9474-1A3956D46DE8}") = "02.02 listas", "02.02 listas", "{BAF2DF73-7479-463E-BD5A-71576D87BC15}"
EndProject
Project("{2150E333-8FDC-42A3-9474-1A3956D46DE8}") = "02.03 conjuntos", "02.03 conjuntos", "{8E84FA7E-2744-4733-AD1C-3F5FA1BE9858}"
EndProject
Project("{2150E333-8FDC-42A3-9474-1A3956D46DE8}") = "02.05 filas", "02.05 filas", "{7AB10419-3DEC-496E-84F4-C69F2728F8FF}"
EndProject
Project("{2150E333-8FDC-42A3-9474-1A3956D46DE8}") = "antes", "antes", "{D5DE47FB-E112-430E-A223-51DB65C434FD}"
EndProject
Project("{2150E333-8FDC-42A3-9474-1A3956D46DE8}") = "depois", "depois", "{324EA73D-65F7-4DAE-8EBB-CC37DD8E4665}"
EndProject
Project("{9A19103F-16F7-4668-BE54-9A1E7A4F7556}") = "01.01 antes", "01.01\antes\01.01 antes.csproj", "{715CEC58-1F4B-47C1-9CF6-A22A259DBB26}"
EndProject
Project("{9A19103F-16F7-4668-BE54-9A1E7A4F7556}") = "01.01", "01.01\depois\01.01.csproj", "{CA81F72A-FA50-4CAD-B215-62EA608BC8F9}"
EndProject
Project("{2150E333-8FDC-42A3-9474-1A3956D46DE8}") = "antes", "antes", "{BE86C88E-0F8E-4B02-B68D-2D05F9F09AB2}"
EndProject
Project("{2150E333-8FDC-42A3-9474-1A3956D46DE8}") = "antes", "antes", "{2A171B61-AD45-4078-A69D-4359567193B0}"
EndProject
Project("{2150E333-8FDC-42A3-9474-1A3956D46DE8}") = "antes", "antes", "{75D8430B-3883-4DBB-9672-BB7693F69089}"
EndProject
Project("{2150E333-8FDC-42A3-9474-1A3956D46DE8}") = "antes", "antes", "{AFFBC5F0-A563-45C7-AF8E-02373A769E50}"
EndProject
Project("{2150E333-8FDC-42A3-9474-1A3956D46DE8}") = "antes", "antes", "{5C30EED1-D6E6-42D7-B3E5-0E00AB10521C}"
EndProject
Project("{2150E333-8FDC-42A3-9474-1A3956D46DE8}") = "antes", "antes", "{ACA578A6-872F-48B3-A5AE-8A0DABE2646D}"
EndProject
Project("{2150E333-8FDC-42A3-9474-1A3956D46DE8}") = "antes", "antes", "{957EF2AD-2048-425D-8EEE-A2E75034748B}"
EndProject
Project("{2150E333-8FDC-42A3-9474-1A3956D46DE8}") = "antes", "antes", "{27254959-5E0F-4EEC-B246-80975C3D6C76}"
EndProject
Project("{2150E333-8FDC-42A3-9474-1A3956D46DE8}") = "antes", "antes", "{E24D5ADE-9BA6-4B46-9D06-4DA2760FDB79}"
EndProject
Project("{2150E333-8FDC-42A3-9474-1A3956D46DE8}") = "depois", "depois", "{15455E2A-B984-4D78-BFFF-581336ED484E}"
EndProject
Project("{2150E333-8FDC-42A3-9474-1A3956D46DE8}") = "depois", "depois", "{F7E2EBD3-6069-4908-BAA8-B56068A878FC}"
EndProject
Project("{2150E333-8FDC-42A3-9474-1A3956D46DE8}") = "depois", "depois", "{D1E67F53-A498-4902-991E-4728BC5545D0}"
EndProject
Project("{2150E333-8FDC-42A3-9474-1A3956D46DE8}") = "depois", "depois", "{3101657F-E6EE-4516-BE23-F4BC5BE45FE5}"
EndProject
Project("{2150E333-8FDC-42A3-9474-1A3956D46DE8}") = "depois", "depois", "{9B4AF3E1-9D06-4A11-9F9E-3B0FE4A84D3F}"
EndProject
Project("{2150E333-8FDC-42A3-9474-1A3956D46DE8}") = "depois", "depois", "{2EE5211F-65E9-4EF6-A52B-001E59ED7014}"
EndProject
Project("{2150E333-8FDC-42A3-9474-1A3956D46DE8}") = "depois", "depois", "{EAC1B8DB-D897-4797-8071-29BB175C04B8}"
EndProject
Project("{2150E333-8FDC-42A3-9474-1A3956D46DE8}") = "depois", "depois", "{E9713FD3-6190-4F37-A10D-8BA68320F89A}"
EndProject
Project("{2150E333-8FDC-42A3-9474-1A3956D46DE8}") = "depois", "depois", "{6C12522B-E63C-4DE7-8B50-D9DE442CB5BB}"
EndProject
Project("{FAE04EC0-301F-11D3-BF4B-00C04F79EFBC}") = "01.02 antes", "01.02\antes\01.02 antes.csproj", "{A615278B-5817-42A1-AC9F-2E6619D28A91}"
EndProject
Project("{FAE04EC0-301F-11D3-BF4B-00C04F79EFBC}") = "01.02", "01.02\depois\01.02.csproj", "{BF90FF1F-DE56-4DD8-BAC4-D31F195672B1}"
EndProject
Project("{9A19103F-16F7-4668-BE54-9A1E7A4F7556}") = "01.03 antes", "01.03\antes\01.03 antes.csproj", "{D0FD0444-BFF4-40F0-93A4-776B5892BC6F}"
EndProject
Project("{9A19103F-16F7-4668-BE54-9A1E7A4F7556}") = "01.03", "01.03\depois\01.03.csproj", "{8CEE2D54-FC6B-4829-A3E8-CBE68F33136F}"
EndProject
Project("{9A19103F-16F7-4668-BE54-9A1E7A4F7556}") = "01.04 antes", "01.04\antes\01.04 antes.csproj", "{F7532C1C-F2C3-4F2C-A696-94A57D920CEF}"
EndProject
Project("{9A19103F-16F7-4668-BE54-9A1E7A4F7556}") = "01.04", "01.04\depois\01.04.csproj", "{C9615290-8506-4F1E-B8A5-4C0C1A587F61}"
EndProject
Project("{9A19103F-16F7-4668-BE54-9A1E7A4F7556}") = "01.05 antes", "01.05\antes\01.05 antes.csproj", "{1D8FB475-FF9D-49C1-B55D-4FF546E925AB}"
EndProject
Project("{9A19103F-16F7-4668-BE54-9A1E7A4F7556}") = "01.05", "01.05\depois\01.05.csproj", "{AECD7986-99FA-448D-B052-D7823E5525E7}"
EndProject
Project("{9A19103F-16F7-4668-BE54-9A1E7A4F7556}") = "02.01 antes", "02.01\antes\02.01 antes.csproj", "{69FFB807-3876-4B10-A963-5167642B5A6F}"
EndProject
Project("{9A19103F-16F7-4668-BE54-9A1E7A4F7556}") = "02.01", "02.01\depois\02.01.csproj", "{816DF490-3D9E-40B6-BA6E-0DEF8669A033}"
EndProject
Project("{9A19103F-16F7-4668-BE54-9A1E7A4F7556}") = "02.02 antes", "02.02\antes\02.02 antes.csproj", "{74451670-620C-475C-8D44-9016328F2112}"
EndProject
Project("{9A19103F-16F7-4668-BE54-9A1E7A4F7556}") = "02.02", "02.02\depois\02.02.csproj", "{5A7B7B0C-E324-47E8-869F-7FD12DB4E3A6}"
EndProject
Project("{9A19103F-16F7-4668-BE54-9A1E7A4F7556}") = "02.04 antes", "02.03\antes\02.04 antes.csproj", "{F8A3CAC0-389C-4A6B-A5B2-07C00B9B4926}"
EndProject
Project("{9A19103F-16F7-4668-BE54-9A1E7A4F7556}") = "02.04", "02.03\depois\02.04.csproj", "{D4808C73-A437-44A3-B388-4BB2F94506EA}"
EndProject
Project("{9A19103F-16F7-4668-BE54-9A1E7A4F7556}") = "02.03 antes", "02.04\antes\02.03 antes.csproj", "{2600D601-68E8-4FA2-A95C-C9B43500E70C}"
EndProject
Project("{9A19103F-16F7-4668-BE54-9A1E7A4F7556}") = "02.03", "02.04\depois\02.03.csproj", "{BF6F809D-B7C3-4A28-93EA-7B18F1B2FFD3}"
EndProject
Project("{9A19103F-16F7-4668-BE54-9A1E7A4F7556}") = "02.05 antes", "02.05\antes\02.05 antes.csproj", "{4CE0E46B-C81F-4EC7-A04C-B456397C3211}"
EndProject
Project("{9A19103F-16F7-4668-BE54-9A1E7A4F7556}") = "02.05", "02.05\depois\02.05.csproj", "{B3CDBF05-82E1-411D-AF08-291C2C60E956}"
EndProject
Project("{9A19103F-16F7-4668-BE54-9A1E7A4F7556}") = "02.02.1", "02.02.1\02.02.1.csproj", "{09FAD70F-ACDC-4DAC-B913-45999739BD18}"
EndProject
Project("{9A19103F-16F7-4668-BE54-9A1E7A4F7556}") = "02.02.1 antes", "02.02.1 antes\02.02.1 antes.csproj", "{6C249F2D-329E-4888-8268-6582824D1B49}"
EndProject
Project("{2150E333-8FDC-42A3-9474-1A3956D46DE8}") = "02.06 personalizada", "02.06 personalizada", "{70281B95-2FC0-4426-BCEB-C3C299E706DE}"
EndProject
Project("{2150E333-8FDC-42A3-9474-1A3956D46DE8}") = "antes", "antes", "{B9B4A222-F64E-40F0-85BF-A6CC81DC4D55}"
EndProject
Project("{2150E333-8FDC-42A3-9474-1A3956D46DE8}") = "depois", "depois", "{A4AE9916-CD92-40D8-891D-46BB636ED1EA}"
EndProject
Project("{9A19103F-16F7-4668-BE54-9A1E7A4F7556}") = "02.06", "02.06\depois\02.06.csproj", "{40A4E6DD-FF6C-47FC-9226-BAA6CA9F4FEC}"
EndProject
Project("{9A19103F-16F7-4668-BE54-9A1E7A4F7556}") = "02.06 antes", "02.06\antes\02.06 antes.csproj", "{D636D95A-9B0C-4475-96FF-5CC65ECBF043}"
EndProject
Global
	GlobalSection(SolutionConfigurationPlatforms) = preSolution
		Debug|Any CPU = Debug|Any CPU
		Release|Any CPU = Release|Any CPU
	EndGlobalSection
	GlobalSection(ProjectConfigurationPlatforms) = postSolution
		{715CEC58-1F4B-47C1-9CF6-A22A259DBB26}.Debug|Any CPU.ActiveCfg = Debug|Any CPU
		{715CEC58-1F4B-47C1-9CF6-A22A259DBB26}.Debug|Any CPU.Build.0 = Debug|Any CPU
		{715CEC58-1F4B-47C1-9CF6-A22A259DBB26}.Release|Any CPU.ActiveCfg = Release|Any CPU
		{715CEC58-1F4B-47C1-9CF6-A22A259DBB26}.Release|Any CPU.Build.0 = Release|Any CPU
		{CA81F72A-FA50-4CAD-B215-62EA608BC8F9}.Debug|Any CPU.ActiveCfg = Debug|Any CPU
		{CA81F72A-FA50-4CAD-B215-62EA608BC8F9}.Debug|Any CPU.Build.0 = Debug|Any CPU
		{CA81F72A-FA50-4CAD-B215-62EA608BC8F9}.Release|Any CPU.ActiveCfg = Release|Any CPU
		{CA81F72A-FA50-4CAD-B215-62EA608BC8F9}.Release|Any CPU.Build.0 = Release|Any CPU
		{A615278B-5817-42A1-AC9F-2E6619D28A91}.Debug|Any CPU.ActiveCfg = Debug|Any CPU
		{A615278B-5817-42A1-AC9F-2E6619D28A91}.Debug|Any CPU.Build.0 = Debug|Any CPU
		{A615278B-5817-42A1-AC9F-2E6619D28A91}.Release|Any CPU.ActiveCfg = Release|Any CPU
		{A615278B-5817-42A1-AC9F-2E6619D28A91}.Release|Any CPU.Build.0 = Release|Any CPU
		{BF90FF1F-DE56-4DD8-BAC4-D31F195672B1}.Debug|Any CPU.ActiveCfg = Debug|Any CPU
		{BF90FF1F-DE56-4DD8-BAC4-D31F195672B1}.Debug|Any CPU.Build.0 = Debug|Any CPU
		{BF90FF1F-DE56-4DD8-BAC4-D31F195672B1}.Release|Any CPU.ActiveCfg = Release|Any CPU
		{BF90FF1F-DE56-4DD8-BAC4-D31F195672B1}.Release|Any CPU.Build.0 = Release|Any CPU
		{D0FD0444-BFF4-40F0-93A4-776B5892BC6F}.Debug|Any CPU.ActiveCfg = Debug|Any CPU
		{D0FD0444-BFF4-40F0-93A4-776B5892BC6F}.Debug|Any CPU.Build.0 = Debug|Any CPU
		{D0FD0444-BFF4-40F0-93A4-776B5892BC6F}.Release|Any CPU.ActiveCfg = Release|Any CPU
		{D0FD0444-BFF4-40F0-93A4-776B5892BC6F}.Release|Any CPU.Build.0 = Release|Any CPU
		{8CEE2D54-FC6B-4829-A3E8-CBE68F33136F}.Debug|Any CPU.ActiveCfg = Debug|Any CPU
		{8CEE2D54-FC6B-4829-A3E8-CBE68F33136F}.Debug|Any CPU.Build.0 = Debug|Any CPU
		{8CEE2D54-FC6B-4829-A3E8-CBE68F33136F}.Release|Any CPU.ActiveCfg = Release|Any CPU
		{8CEE2D54-FC6B-4829-A3E8-CBE68F33136F}.Release|Any CPU.Build.0 = Release|Any CPU
		{F7532C1C-F2C3-4F2C-A696-94A57D920CEF}.Debug|Any CPU.ActiveCfg = Debug|Any CPU
		{F7532C1C-F2C3-4F2C-A696-94A57D920CEF}.Debug|Any CPU.Build.0 = Debug|Any CPU
		{F7532C1C-F2C3-4F2C-A696-94A57D920CEF}.Release|Any CPU.ActiveCfg = Release|Any CPU
		{F7532C1C-F2C3-4F2C-A696-94A57D920CEF}.Release|Any CPU.Build.0 = Release|Any CPU
		{C9615290-8506-4F1E-B8A5-4C0C1A587F61}.Debug|Any CPU.ActiveCfg = Debug|Any CPU
		{C9615290-8506-4F1E-B8A5-4C0C1A587F61}.Debug|Any CPU.Build.0 = Debug|Any CPU
		{C9615290-8506-4F1E-B8A5-4C0C1A587F61}.Release|Any CPU.ActiveCfg = Release|Any CPU
		{C9615290-8506-4F1E-B8A5-4C0C1A587F61}.Release|Any CPU.Build.0 = Release|Any CPU
		{1D8FB475-FF9D-49C1-B55D-4FF546E925AB}.Debug|Any CPU.ActiveCfg = Debug|Any CPU
		{1D8FB475-FF9D-49C1-B55D-4FF546E925AB}.Debug|Any CPU.Build.0 = Debug|Any CPU
		{1D8FB475-FF9D-49C1-B55D-4FF546E925AB}.Release|Any CPU.ActiveCfg = Release|Any CPU
		{1D8FB475-FF9D-49C1-B55D-4FF546E925AB}.Release|Any CPU.Build.0 = Release|Any CPU
		{AECD7986-99FA-448D-B052-D7823E5525E7}.Debug|Any CPU.ActiveCfg = Debug|Any CPU
		{AECD7986-99FA-448D-B052-D7823E5525E7}.Debug|Any CPU.Build.0 = Debug|Any CPU
		{AECD7986-99FA-448D-B052-D7823E5525E7}.Release|Any CPU.ActiveCfg = Release|Any CPU
		{AECD7986-99FA-448D-B052-D7823E5525E7}.Release|Any CPU.Build.0 = Release|Any CPU
		{69FFB807-3876-4B10-A963-5167642B5A6F}.Debug|Any CPU.ActiveCfg = Debug|Any CPU
		{69FFB807-3876-4B10-A963-5167642B5A6F}.Debug|Any CPU.Build.0 = Debug|Any CPU
		{69FFB807-3876-4B10-A963-5167642B5A6F}.Release|Any CPU.ActiveCfg = Release|Any CPU
		{69FFB807-3876-4B10-A963-5167642B5A6F}.Release|Any CPU.Build.0 = Release|Any CPU
		{816DF490-3D9E-40B6-BA6E-0DEF8669A033}.Debug|Any CPU.ActiveCfg = Debug|Any CPU
		{816DF490-3D9E-40B6-BA6E-0DEF8669A033}.Debug|Any CPU.Build.0 = Debug|Any CPU
		{816DF490-3D9E-40B6-BA6E-0DEF8669A033}.Release|Any CPU.ActiveCfg = Release|Any CPU
		{816DF490-3D9E-40B6-BA6E-0DEF8669A033}.Release|Any CPU.Build.0 = Release|Any CPU
		{74451670-620C-475C-8D44-9016328F2112}.Debug|Any CPU.ActiveCfg = Debug|Any CPU
		{74451670-620C-475C-8D44-9016328F2112}.Debug|Any CPU.Build.0 = Debug|Any CPU
		{74451670-620C-475C-8D44-9016328F2112}.Release|Any CPU.ActiveCfg = Release|Any CPU
		{74451670-620C-475C-8D44-9016328F2112}.Release|Any CPU.Build.0 = Release|Any CPU
		{5A7B7B0C-E324-47E8-869F-7FD12DB4E3A6}.Debug|Any CPU.ActiveCfg = Debug|Any CPU
		{5A7B7B0C-E324-47E8-869F-7FD12DB4E3A6}.Debug|Any CPU.Build.0 = Debug|Any CPU
		{5A7B7B0C-E324-47E8-869F-7FD12DB4E3A6}.Release|Any CPU.ActiveCfg = Release|Any CPU
		{5A7B7B0C-E324-47E8-869F-7FD12DB4E3A6}.Release|Any CPU.Build.0 = Release|Any CPU
		{F8A3CAC0-389C-4A6B-A5B2-07C00B9B4926}.Debug|Any CPU.ActiveCfg = Debug|Any CPU
		{F8A3CAC0-389C-4A6B-A5B2-07C00B9B4926}.Debug|Any CPU.Build.0 = Debug|Any CPU
		{F8A3CAC0-389C-4A6B-A5B2-07C00B9B4926}.Release|Any CPU.ActiveCfg = Release|Any CPU
		{F8A3CAC0-389C-4A6B-A5B2-07C00B9B4926}.Release|Any CPU.Build.0 = Release|Any CPU
		{D4808C73-A437-44A3-B388-4BB2F94506EA}.Debug|Any CPU.ActiveCfg = Debug|Any CPU
		{D4808C73-A437-44A3-B388-4BB2F94506EA}.Debug|Any CPU.Build.0 = Debug|Any CPU
		{D4808C73-A437-44A3-B388-4BB2F94506EA}.Release|Any CPU.ActiveCfg = Release|Any CPU
		{D4808C73-A437-44A3-B388-4BB2F94506EA}.Release|Any CPU.Build.0 = Release|Any CPU
		{2600D601-68E8-4FA2-A95C-C9B43500E70C}.Debug|Any CPU.ActiveCfg = Debug|Any CPU
		{2600D601-68E8-4FA2-A95C-C9B43500E70C}.Debug|Any CPU.Build.0 = Debug|Any CPU
		{2600D601-68E8-4FA2-A95C-C9B43500E70C}.Release|Any CPU.ActiveCfg = Release|Any CPU
		{2600D601-68E8-4FA2-A95C-C9B43500E70C}.Release|Any CPU.Build.0 = Release|Any CPU
		{BF6F809D-B7C3-4A28-93EA-7B18F1B2FFD3}.Debug|Any CPU.ActiveCfg = Debug|Any CPU
		{BF6F809D-B7C3-4A28-93EA-7B18F1B2FFD3}.Debug|Any CPU.Build.0 = Debug|Any CPU
		{BF6F809D-B7C3-4A28-93EA-7B18F1B2FFD3}.Release|Any CPU.ActiveCfg = Release|Any CPU
		{BF6F809D-B7C3-4A28-93EA-7B18F1B2FFD3}.Release|Any CPU.Build.0 = Release|Any CPU
		{4CE0E46B-C81F-4EC7-A04C-B456397C3211}.Debug|Any CPU.ActiveCfg = Debug|Any CPU
		{4CE0E46B-C81F-4EC7-A04C-B456397C3211}.Debug|Any CPU.Build.0 = Debug|Any CPU
		{4CE0E46B-C81F-4EC7-A04C-B456397C3211}.Release|Any CPU.ActiveCfg = Release|Any CPU
		{4CE0E46B-C81F-4EC7-A04C-B456397C3211}.Release|Any CPU.Build.0 = Release|Any CPU
		{B3CDBF05-82E1-411D-AF08-291C2C60E956}.Debug|Any CPU.ActiveCfg = Debug|Any CPU
		{B3CDBF05-82E1-411D-AF08-291C2C60E956}.Debug|Any CPU.Build.0 = Debug|Any CPU
		{B3CDBF05-82E1-411D-AF08-291C2C60E956}.Release|Any CPU.ActiveCfg = Release|Any CPU
		{B3CDBF05-82E1-411D-AF08-291C2C60E956}.Release|Any CPU.Build.0 = Release|Any CPU
		{09FAD70F-ACDC-4DAC-B913-45999739BD18}.Debug|Any CPU.ActiveCfg = Debug|Any CPU
		{09FAD70F-ACDC-4DAC-B913-45999739BD18}.Debug|Any CPU.Build.0 = Debug|Any CPU
		{09FAD70F-ACDC-4DAC-B913-45999739BD18}.Release|Any CPU.ActiveCfg = Release|Any CPU
		{09FAD70F-ACDC-4DAC-B913-45999739BD18}.Release|Any CPU.Build.0 = Release|Any CPU
		{6C249F2D-329E-4888-8268-6582824D1B49}.Debug|Any CPU.ActiveCfg = Debug|Any CPU
		{6C249F2D-329E-4888-8268-6582824D1B49}.Debug|Any CPU.Build.0 = Debug|Any CPU
		{6C249F2D-329E-4888-8268-6582824D1B49}.Release|Any CPU.ActiveCfg = Release|Any CPU
		{6C249F2D-329E-4888-8268-6582824D1B49}.Release|Any CPU.Build.0 = Release|Any CPU
		{40A4E6DD-FF6C-47FC-9226-BAA6CA9F4FEC}.Debug|Any CPU.ActiveCfg = Debug|Any CPU
		{40A4E6DD-FF6C-47FC-9226-BAA6CA9F4FEC}.Debug|Any CPU.Build.0 = Debug|Any CPU
		{40A4E6DD-FF6C-47FC-9226-BAA6CA9F4FEC}.Release|Any CPU.ActiveCfg = Release|Any CPU
		{40A4E6DD-FF6C-47FC-9226-BAA6CA9F4FEC}.Release|Any CPU.Build.0 = Release|Any CPU
		{D636D95A-9B0C-4475-96FF-5CC65ECBF043}.Debug|Any CPU.ActiveCfg = Debug|Any CPU
		{D636D95A-9B0C-4475-96FF-5CC65ECBF043}.Debug|Any CPU.Build.0 = Debug|Any CPU
		{D636D95A-9B0C-4475-96FF-5CC65ECBF043}.Release|Any CPU.ActiveCfg = Release|Any CPU
		{D636D95A-9B0C-4475-96FF-5CC65ECBF043}.Release|Any CPU.Build.0 = Release|Any CPU
	EndGlobalSection
	GlobalSection(SolutionProperties) = preSolution
		HideSolutionNode = FALSE
	EndGlobalSection
	GlobalSection(NestedProjects) = preSolution
		{02570EE9-A80C-4B20-8E6D-FA11D9D9770D} = {DD467373-BF0D-4BDD-9AEF-01F2A2241686}
		{1A6B4B2E-A6EE-4E3F-9FDA-954E52EA3F48} = {DD467373-BF0D-4BDD-9AEF-01F2A2241686}
		{F83DBB59-72E9-4E77-B4D6-C8644198FAF6} = {DD467373-BF0D-4BDD-9AEF-01F2A2241686}
		{B2CDE0CE-99AF-4F85-85F3-9BB3CB3590F6} = {DD467373-BF0D-4BDD-9AEF-01F2A2241686}
		{524688AC-D4EA-4578-B1B3-3AF7D33C5E90} = {DD467373-BF0D-4BDD-9AEF-01F2A2241686}
		{E67CCB24-7E99-4213-BC1A-17011C5FF954} = {AF715DF9-49AD-4C7D-B28D-5178530C0299}
		{B526B5C7-7E62-4193-BDAB-C248B04F19FD} = {AF715DF9-49AD-4C7D-B28D-5178530C0299}
		{BAF2DF73-7479-463E-BD5A-71576D87BC15} = {AF715DF9-49AD-4C7D-B28D-5178530C0299}
		{8E84FA7E-2744-4733-AD1C-3F5FA1BE9858} = {AF715DF9-49AD-4C7D-B28D-5178530C0299}
		{7AB10419-3DEC-496E-84F4-C69F2728F8FF} = {AF715DF9-49AD-4C7D-B28D-5178530C0299}
		{D5DE47FB-E112-430E-A223-51DB65C434FD} = {F83DBB59-72E9-4E77-B4D6-C8644198FAF6}
		{324EA73D-65F7-4DAE-8EBB-CC37DD8E4665} = {F83DBB59-72E9-4E77-B4D6-C8644198FAF6}
		{715CEC58-1F4B-47C1-9CF6-A22A259DBB26} = {D5DE47FB-E112-430E-A223-51DB65C434FD}
		{CA81F72A-FA50-4CAD-B215-62EA608BC8F9} = {324EA73D-65F7-4DAE-8EBB-CC37DD8E4665}
		{BE86C88E-0F8E-4B02-B68D-2D05F9F09AB2} = {B2CDE0CE-99AF-4F85-85F3-9BB3CB3590F6}
		{2A171B61-AD45-4078-A69D-4359567193B0} = {02570EE9-A80C-4B20-8E6D-FA11D9D9770D}
		{75D8430B-3883-4DBB-9672-BB7693F69089} = {524688AC-D4EA-4578-B1B3-3AF7D33C5E90}
		{AFFBC5F0-A563-45C7-AF8E-02373A769E50} = {1A6B4B2E-A6EE-4E3F-9FDA-954E52EA3F48}
		{5C30EED1-D6E6-42D7-B3E5-0E00AB10521C} = {B526B5C7-7E62-4193-BDAB-C248B04F19FD}
		{ACA578A6-872F-48B3-A5AE-8A0DABE2646D} = {BAF2DF73-7479-463E-BD5A-71576D87BC15}
		{957EF2AD-2048-425D-8EEE-A2E75034748B} = {E67CCB24-7E99-4213-BC1A-17011C5FF954}
		{27254959-5E0F-4EEC-B246-80975C3D6C76} = {8E84FA7E-2744-4733-AD1C-3F5FA1BE9858}
		{E24D5ADE-9BA6-4B46-9D06-4DA2760FDB79} = {7AB10419-3DEC-496E-84F4-C69F2728F8FF}
		{15455E2A-B984-4D78-BFFF-581336ED484E} = {B2CDE0CE-99AF-4F85-85F3-9BB3CB3590F6}
		{F7E2EBD3-6069-4908-BAA8-B56068A878FC} = {02570EE9-A80C-4B20-8E6D-FA11D9D9770D}
		{D1E67F53-A498-4902-991E-4728BC5545D0} = {524688AC-D4EA-4578-B1B3-3AF7D33C5E90}
		{3101657F-E6EE-4516-BE23-F4BC5BE45FE5} = {1A6B4B2E-A6EE-4E3F-9FDA-954E52EA3F48}
		{9B4AF3E1-9D06-4A11-9F9E-3B0FE4A84D3F} = {B526B5C7-7E62-4193-BDAB-C248B04F19FD}
		{2EE5211F-65E9-4EF6-A52B-001E59ED7014} = {BAF2DF73-7479-463E-BD5A-71576D87BC15}
		{EAC1B8DB-D897-4797-8071-29BB175C04B8} = {E67CCB24-7E99-4213-BC1A-17011C5FF954}
		{E9713FD3-6190-4F37-A10D-8BA68320F89A} = {8E84FA7E-2744-4733-AD1C-3F5FA1BE9858}
		{6C12522B-E63C-4DE7-8B50-D9DE442CB5BB} = {7AB10419-3DEC-496E-84F4-C69F2728F8FF}
		{A615278B-5817-42A1-AC9F-2E6619D28A91} = {BE86C88E-0F8E-4B02-B68D-2D05F9F09AB2}
		{BF90FF1F-DE56-4DD8-BAC4-D31F195672B1} = {15455E2A-B984-4D78-BFFF-581336ED484E}
		{D0FD0444-BFF4-40F0-93A4-776B5892BC6F} = {2A171B61-AD45-4078-A69D-4359567193B0}
		{8CEE2D54-FC6B-4829-A3E8-CBE68F33136F} = {F7E2EBD3-6069-4908-BAA8-B56068A878FC}
		{F7532C1C-F2C3-4F2C-A696-94A57D920CEF} = {75D8430B-3883-4DBB-9672-BB7693F69089}
		{C9615290-8506-4F1E-B8A5-4C0C1A587F61} = {D1E67F53-A498-4902-991E-4728BC5545D0}
		{1D8FB475-FF9D-49C1-B55D-4FF546E925AB} = {AFFBC5F0-A563-45C7-AF8E-02373A769E50}
		{AECD7986-99FA-448D-B052-D7823E5525E7} = {3101657F-E6EE-4516-BE23-F4BC5BE45FE5}
		{69FFB807-3876-4B10-A963-5167642B5A6F} = {5C30EED1-D6E6-42D7-B3E5-0E00AB10521C}
		{816DF490-3D9E-40B6-BA6E-0DEF8669A033} = {9B4AF3E1-9D06-4A11-9F9E-3B0FE4A84D3F}
		{74451670-620C-475C-8D44-9016328F2112} = {ACA578A6-872F-48B3-A5AE-8A0DABE2646D}
		{5A7B7B0C-E324-47E8-869F-7FD12DB4E3A6} = {2EE5211F-65E9-4EF6-A52B-001E59ED7014}
		{F8A3CAC0-389C-4A6B-A5B2-07C00B9B4926} = {957EF2AD-2048-425D-8EEE-A2E75034748B}
		{D4808C73-A437-44A3-B388-4BB2F94506EA} = {EAC1B8DB-D897-4797-8071-29BB175C04B8}
		{2600D601-68E8-4FA2-A95C-C9B43500E70C} = {27254959-5E0F-4EEC-B246-80975C3D6C76}
		{BF6F809D-B7C3-4A28-93EA-7B18F1B2FFD3} = {E9713FD3-6190-4F37-A10D-8BA68320F89A}
		{4CE0E46B-C81F-4EC7-A04C-B456397C3211} = {E24D5ADE-9BA6-4B46-9D06-4DA2760FDB79}
		{B3CDBF05-82E1-411D-AF08-291C2C60E956} = {6C12522B-E63C-4DE7-8B50-D9DE442CB5BB}
		{09FAD70F-ACDC-4DAC-B913-45999739BD18} = {2EE5211F-65E9-4EF6-A52B-001E59ED7014}
		{6C249F2D-329E-4888-8268-6582824D1B49} = {ACA578A6-872F-48B3-A5AE-8A0DABE2646D}
		{70281B95-2FC0-4426-BCEB-C3C299E706DE} = {AF715DF9-49AD-4C7D-B28D-5178530C0299}
		{B9B4A222-F64E-40F0-85BF-A6CC81DC4D55} = {70281B95-2FC0-4426-BCEB-C3C299E706DE}
		{A4AE9916-CD92-40D8-891D-46BB636ED1EA} = {70281B95-2FC0-4426-BCEB-C3C299E706DE}
		{40A4E6DD-FF6C-47FC-9226-BAA6CA9F4FEC} = {A4AE9916-CD92-40D8-891D-46BB636ED1EA}
		{D636D95A-9B0C-4475-96FF-5CC65ECBF043} = {B9B4A222-F64E-40F0-85BF-A6CC81DC4D55}
	EndGlobalSection
	GlobalSection(ExtensibilityGlobals) = postSolution
		SolutionGuid = {CB746614-5028-424F-BE2D-071CEC5200A3}
	EndGlobalSection
EndGlobal
